
Microsoft Visual Studio Solution File, Format Version 12.00
# Visual Studio 15
VisualStudioVersion = 15.0.28307.1738
MinimumVisualStudioVersion = 10.0.40219.1
Project("{FAE04EC0-301F-11D3-BF4B-00C04F79EFBC}") = "Alternate_Sorting", "Alternate_Sorting\Alternate_Sorting.csproj", "{CC1C179C-3E19-4A72-9E4F-8DF92F2AE7B6}"
EndProject
Global
	GlobalSection(SolutionConfigurationPlatforms) = preSolution
		Debug|Any CPU = Debug|Any CPU
		Release|Any CPU = Release|Any CPU
	EndGlobalSection
	GlobalSection(ProjectConfigurationPlatforms) = postSolution
		{CC1C179C-3E19-4A72-9E4F-8DF92F2AE7B6}.Debug|Any CPU.ActiveCfg = Debug|Any CPU
		{CC1C179C-3E19-4A72-9E4F-8DF92F2AE7B6}.Debug|Any CPU.Build.0 = Debug|Any CPU
		{CC1C179C-3E19-4A72-9E4F-8DF92F2AE7B6}.Release|Any CPU.ActiveCfg = Release|Any CPU
		{CC1C179C-3E19-4A72-9E4F-8DF92F2AE7B6}.Release|Any CPU.Build.0 = Release|Any CPU
	EndGlobalSection
	GlobalSection(SolutionProperties) = preSolution
		HideSolutionNode = FALSE
	EndGlobalSection
	GlobalSection(ExtensibilityGlobals) = postSolution
		SolutionGuid = {011016FC-6F90-442D-9FFA-73A77DE3197D}
	EndGlobalSection
EndGlobal
